
Microsoft Visual Studio Solution File, Format Version 12.00
# Visual Studio 15
VisualStudioVersion = 15.0.26430.14
MinimumVisualStudioVersion = 10.0.40219.1
Project("{FAE04EC0-301F-11D3-BF4B-00C04F79EFBC}") = "IoTAlexa.Web", "IoTAlexa.Web\IoTAlexa.Web.csproj", "{A289CCEF-1D27-41F0-9A0A-8F037845F350}"
EndProject
Global
	GlobalSection(SolutionConfigurationPlatforms) = preSolution
		Debug|Any CPU = Debug|Any CPU
		Release|Any CPU = Release|Any CPU
	EndGlobalSection
	GlobalSection(ProjectConfigurationPlatforms) = postSolution
		{A289CCEF-1D27-41F0-9A0A-8F037845F350}.Debug|Any CPU.ActiveCfg = Debug|Any CPU
		{A289CCEF-1D27-41F0-9A0A-8F037845F350}.Debug|Any CPU.Build.0 = Debug|Any CPU
		{A289CCEF-1D27-41F0-9A0A-8F037845F350}.Release|Any CPU.ActiveCfg = Release|Any CPU
		{A289CCEF-1D27-41F0-9A0A-8F037845F350}.Release|Any CPU.Build.0 = Release|Any CPU
	EndGlobalSection
	GlobalSection(SolutionProperties) = preSolution
		HideSolutionNode = FALSE
	EndGlobalSection
EndGlobal
